
Microsoft Visual Studio Solution File, Format Version 12.00
# Visual Studio Version 17
VisualStudioVersion = 17.3.32811.315
MinimumVisualStudioVersion = 10.0.40219.1
Project("{9A19103F-16F7-4668-BE54-9A1E7A4F7556}") = "Application", "WebApi\Application.csproj", "{7FD880B9-C00A-47B2-968A-E24E0FAACDC4}"
EndProject
Project("{9A19103F-16F7-4668-BE54-9A1E7A4F7556}") = "Data", "Data\Data.csproj", "{D8D085F8-6794-44D5-9B5D-79C5199BF62E}"
EndProject
Project("{9A19103F-16F7-4668-BE54-9A1E7A4F7556}") = "Domain", "Domain\Domain.csproj", "{22F498A3-1624-4A66-BB26-DC602BD770B5}"
EndProject
Project("{9A19103F-16F7-4668-BE54-9A1E7A4F7556}") = "Service", "Service\Service.csproj", "{68B01175-E074-4200-87B0-8726565539BD}"
EndProject
Project("{FAE04EC0-301F-11D3-BF4B-00C04F79EFBC}") = "CrossCutting", "CrossCutting\CrossCutting.csproj", "{12271F61-6C31-4F37-AE7A-63B9D30EA5E8}"
EndProject
Global
	GlobalSection(SolutionConfigurationPlatforms) = preSolution
		Debug|Any CPU = Debug|Any CPU
		Release|Any CPU = Release|Any CPU
	EndGlobalSection
	GlobalSection(ProjectConfigurationPlatforms) = postSolution
		{7FD880B9-C00A-47B2-968A-E24E0FAACDC4}.Debug|Any CPU.ActiveCfg = Debug|Any CPU
		{7FD880B9-C00A-47B2-968A-E24E0FAACDC4}.Debug|Any CPU.Build.0 = Debug|Any CPU
		{7FD880B9-C00A-47B2-968A-E24E0FAACDC4}.Release|Any CPU.ActiveCfg = Release|Any CPU
		{7FD880B9-C00A-47B2-968A-E24E0FAACDC4}.Release|Any CPU.Build.0 = Release|Any CPU
		{D8D085F8-6794-44D5-9B5D-79C5199BF62E}.Debug|Any CPU.ActiveCfg = Debug|Any CPU
		{D8D085F8-6794-44D5-9B5D-79C5199BF62E}.Debug|Any CPU.Build.0 = Debug|Any CPU
		{D8D085F8-6794-44D5-9B5D-79C5199BF62E}.Release|Any CPU.ActiveCfg = Release|Any CPU
		{D8D085F8-6794-44D5-9B5D-79C5199BF62E}.Release|Any CPU.Build.0 = Release|Any CPU
		{22F498A3-1624-4A66-BB26-DC602BD770B5}.Debug|Any CPU.ActiveCfg = Debug|Any CPU
		{22F498A3-1624-4A66-BB26-DC602BD770B5}.Debug|Any CPU.Build.0 = Debug|Any CPU
		{22F498A3-1624-4A66-BB26-DC602BD770B5}.Release|Any CPU.ActiveCfg = Release|Any CPU
		{22F498A3-1624-4A66-BB26-DC602BD770B5}.Release|Any CPU.Build.0 = Release|Any CPU
		{68B01175-E074-4200-87B0-8726565539BD}.Debug|Any CPU.ActiveCfg = Debug|Any CPU
		{68B01175-E074-4200-87B0-8726565539BD}.Debug|Any CPU.Build.0 = Debug|Any CPU
		{68B01175-E074-4200-87B0-8726565539BD}.Release|Any CPU.ActiveCfg = Release|Any CPU
		{68B01175-E074-4200-87B0-8726565539BD}.Release|Any CPU.Build.0 = Release|Any CPU
		{12271F61-6C31-4F37-AE7A-63B9D30EA5E8}.Debug|Any CPU.ActiveCfg = Debug|Any CPU
		{12271F61-6C31-4F37-AE7A-63B9D30EA5E8}.Debug|Any CPU.Build.0 = Debug|Any CPU
		{12271F61-6C31-4F37-AE7A-63B9D30EA5E8}.Release|Any CPU.ActiveCfg = Release|Any CPU
		{12271F61-6C31-4F37-AE7A-63B9D30EA5E8}.Release|Any CPU.Build.0 = Release|Any CPU
	EndGlobalSection
	GlobalSection(SolutionProperties) = preSolution
		HideSolutionNode = FALSE
	EndGlobalSection
	GlobalSection(ExtensibilityGlobals) = postSolution
		SolutionGuid = {ECDCB709-6C0F-4EF9-B1B4-473962740C68}
	EndGlobalSection
EndGlobal
